
Microsoft Visual Studio Solution File, Format Version 12.00
# Visual Studio Version 17
VisualStudioVersion = 17.8.34330.188
MinimumVisualStudioVersion = 10.0.40219.1
Project("{FAE04EC0-301F-11D3-BF4B-00C04F79EFBC}") = "DapperTest", "DapperTest\DapperTest.csproj", "{42959432-F8A1-43CA-96C0-8F8CB96D299A}"
EndProject
Global
	GlobalSection(SolutionConfigurationPlatforms) = preSolution
		Debug|Any CPU = Debug|Any CPU
		Release|Any CPU = Release|Any CPU
	EndGlobalSection
	GlobalSection(ProjectConfigurationPlatforms) = postSolution
		{42959432-F8A1-43CA-96C0-8F8CB96D299A}.Debug|Any CPU.ActiveCfg = Debug|Any CPU
		{42959432-F8A1-43CA-96C0-8F8CB96D299A}.Debug|Any CPU.Build.0 = Debug|Any CPU
		{42959432-F8A1-43CA-96C0-8F8CB96D299A}.Release|Any CPU.ActiveCfg = Release|Any CPU
		{42959432-F8A1-43CA-96C0-8F8CB96D299A}.Release|Any CPU.Build.0 = Release|Any CPU
	EndGlobalSection
	GlobalSection(SolutionProperties) = preSolution
		HideSolutionNode = FALSE
	EndGlobalSection
	GlobalSection(ExtensibilityGlobals) = postSolution
		SolutionGuid = {0269583B-652A-4A32-959B-1CA4E97DCDF5}
	EndGlobalSection
EndGlobal
